// !$*UTF8*$!
{
	archiveVersion = 1;
	classes = {
	};
	objectVersion = 56;
	objects = {

/* Begin PBXBuildFile section */
		A10000000000000000000001 /* iOSApp.swift in Sources */ = {isa = PBXBuildFile; fileRef = A10000000000000000000011 /* iOSApp.swift */; };
		A10000000000000000000002 /* ContentView.swift in Sources */ = {isa = PBXBuildFile; fileRef = A10000000000000000000012 /* ContentView.swift */; };
		A10000000000000000000003 /* Assets.xcassets in Resources */ = {isa = PBXBuildFile; fileRef = A10000000000000000000015 /* Assets.xcassets */; };
		A10000000000000000000004 /* PrivacyInfo.xcprivacy in Resources */ = {isa = PBXBuildFile; fileRef = A10000000000000000000016 /* PrivacyInfo.xcprivacy */; };
		A10000000000000000000005 /* BJTUCaptcha.mlpackage in Resources */ = {isa = PBXBuildFile; fileRef = A10000000000000000000017 /* BJTUCaptcha.mlpackage */; };
		A11000000000000000000001 /* NativeNavigationGlassState.swift in Sources */ = {isa = PBXBuildFile; fileRef = A11000000000000000000002 /* NativeNavigationGlassState.swift */; };
/* End PBXBuildFile section */

/* Begin PBXFileReference section */
		A10000000000000000000010 /* 交大自由行 KMP.app */ = {isa = PBXFileReference; explicitFileType = wrapper.application; includeInIndex = 0; path = "交大自由行 KMP.app"; sourceTree = BUILT_PRODUCTS_DIR; };
		A10000000000000000000011 /* iOSApp.swift */ = {isa = PBXFileReference; lastKnownFileType = sourcecode.swift; path = iOSApp.swift; sourceTree = "<group>"; };
		A10000000000000000000012 /* ContentView.swift */ = {isa = PBXFileReference; lastKnownFileType = sourcecode.swift; path = ContentView.swift; sourceTree = "<group>"; };
		A10000000000000000000013 /* Info.plist */ = {isa = PBXFileReference; lastKnownFileType = text.plist.xml; path = Info.plist; sourceTree = "<group>"; };
		A10000000000000000000014 /* Config.xcconfig */ = {isa = PBXFileReference; lastKnownFileType = text.xcconfig; path = Config.xcconfig; sourceTree = "<group>"; };
		A10000000000000000000015 /* Assets.xcassets */ = {isa = PBXFileReference; lastKnownFileType = folder.assetcatalog; path = Assets.xcassets; sourceTree = "<group>"; };
		A10000000000000000000016 /* PrivacyInfo.xcprivacy */ = {isa = PBXFileReference; lastKnownFileType = text.xml; path = PrivacyInfo.xcprivacy; sourceTree = "<group>"; };
		A10000000000000000000017 /* BJTUCaptcha.mlpackage */ = {isa = PBXFileReference; lastKnownFileType = folder.mlpackage; path = BJTUCaptcha.mlpackage; sourceTree = "<group>"; };
		A11000000000000000000002 /* NativeNavigationGlassState.swift */ = {isa = PBXFileReference; lastKnownFileType = sourcecode.swift; path = NativeNavigationGlassState.swift; sourceTree = "<group>"; };
/* End PBXFileReference section */

/* Begin PBXFrameworksBuildPhase section */
		A10000000000000000000020 /* Frameworks */ = {
			isa = PBXFrameworksBuildPhase;
			buildActionMask = 2147483647;
			files = (
			);
			runOnlyForDeploymentPostprocessing = 0;
		};
/* End PBXFrameworksBuildPhase section */

/* Begin PBXGroup section */
		A10000000000000000000030 = {
			isa = PBXGroup;
			children = (
				A10000000000000000000031 /* iosApp */,
				A10000000000000000000032 /* Configuration */,
				A10000000000000000000033 /* Products */,
			);
			sourceTree = "<group>";
		};
		A10000000000000000000031 /* iosApp */ = {
			isa = PBXGroup;
			children = (
				A10000000000000000000011 /* iOSApp.swift */,
				A10000000000000000000012 /* ContentView.swift */,
				A11000000000000000000002 /* NativeNavigationGlassState.swift */,
				A10000000000000000000015 /* Assets.xcassets */,
				A10000000000000000000016 /* PrivacyInfo.xcprivacy */,
				A10000000000000000000017 /* BJTUCaptcha.mlpackage */,
				A10000000000000000000013 /* Info.plist */,
			);
			path = iosApp;
			sourceTree = "<group>";
		};
		A10000000000000000000032 /* Configuration */ = {
			isa = PBXGroup;
			children = (
				A10000000000000000000014 /* Config.xcconfig */,
			);
			path = Configuration;
			sourceTree = "<group>";
		};
		A10000000000000000000033 /* Products */ = {
			isa = PBXGroup;
			children = (
				A10000000000000000000010 /* 交大自由行 KMP.app */,
			);
			name = Products;
			sourceTree = "<group>";
		};
/* End PBXGroup section */

/* Begin PBXNativeTarget section */
		A10000000000000000000040 /* iosApp */ = {
			isa = PBXNativeTarget;
			buildConfigurationList = A10000000000000000000041 /* Build configuration list for PBXNativeTarget "iosApp" */;
			buildPhases = (
				A10000000000000000000050 /* Build Kotlin framework */,
				A10000000000000000000051 /* Sources */,
				A10000000000000000000020 /* Frameworks */,
				A10000000000000000000052 /* Resources */,
			);
			buildRules = (
			);
			dependencies = (
			);
			name = iosApp;
			productName = iosApp;
			productReference = A10000000000000000000010 /* 交大自由行 KMP.app */;
			productType = "com.apple.product-type.application";
		};
/* End PBXNativeTarget section */

/* Begin PBXProject section */
		A10000000000000000000060 /* Project object */ = {
			isa = PBXProject;
			attributes = {
				BuildIndependentTargetsInParallel = 1;
				LastSwiftUpdateCheck = 2660;
				LastUpgradeCheck = 2660;
				TargetAttributes = {
					A10000000000000000000040 = {
						CreatedOnToolsVersion = 26.6;
					};
				};
			};
			buildConfigurationList = A10000000000000000000061 /* Build configuration list for PBXProject "iosApp" */;
			compatibilityVersion = "Xcode 14.0";
			developmentRegion = en;
			hasScannedForEncodings = 0;
			knownRegions = (
				en,
				Base,
				zh_CN,
			);
			mainGroup = A10000000000000000000030;
			productRefGroup = A10000000000000000000033 /* Products */;
			projectDirPath = "";
			projectRoot = "";
			targets = (
				A10000000000000000000040 /* iosApp */,
			);
		};
/* End PBXProject section */

/* Begin PBXResourcesBuildPhase section */
		A10000000000000000000052 /* Resources */ = {
			isa = PBXResourcesBuildPhase;
			buildActionMask = 2147483647;
			files = (
				A10000000000000000000003 /* Assets.xcassets in Resources */,
				A10000000000000000000004 /* PrivacyInfo.xcprivacy in Resources */,
				A10000000000000000000005 /* BJTUCaptcha.mlpackage in Resources */,
			);
			runOnlyForDeploymentPostprocessing = 0;
		};
/* End PBXResourcesBuildPhase section */

/* Begin PBXShellScriptBuildPhase section */
		A10000000000000000000050 /* Build Kotlin framework */ = {
			isa = PBXShellScriptBuildPhase;
			alwaysOutOfDate = 1;
			buildActionMask = 2147483647;
			files = (
			);
			inputPaths = (
			);
			name = "Build Kotlin framework";
			outputPaths = (
			);
			runOnlyForDeploymentPostprocessing = 0;
			shellPath = /bin/sh;
			shellScript = "set -euo pipefail\ncd \"$SRCROOT/..\"\n\n# Compose Multiplatform 的 syncComposeResourcesForIos 需要这些 Xcode 环境变量来配置 outputDir。\n# 缺 UNLOCALIZED_RESOURCES_FOLDER_PATH 时会在配置期直接失败（PhaseScriptExecution failed），\n# 且常被感知为「Build Kotlin framework 卡住很久」。\n: \"${BUILT_PRODUCTS_DIR:?missing BUILT_PRODUCTS_DIR}\"\n: \"${CONFIGURATION:?missing CONFIGURATION}\"\n: \"${PLATFORM_NAME:?missing PLATFORM_NAME}\"\n: \"${ARCHS:?missing ARCHS}\"\n\nif [ -z \"${UNLOCALIZED_RESOURCES_FOLDER_PATH:-}\" ]; then\n  if [ -n \"${CONTENTS_FOLDER_PATH:-}\" ]; then\n    export UNLOCALIZED_RESOURCES_FOLDER_PATH=\"$CONTENTS_FOLDER_PATH\"\n  elif [ -n \"${FULL_PRODUCT_NAME:-}\" ]; then\n    export UNLOCALIZED_RESOURCES_FOLDER_PATH=\"$FULL_PRODUCT_NAME\"\n  elif [ -n \"${PRODUCT_NAME:-}\" ]; then\n    export UNLOCALIZED_RESOURCES_FOLDER_PATH=\"${PRODUCT_NAME}.app\"\n  else\n    echo \"error: UNLOCALIZED_RESOURCES_FOLDER_PATH is empty and no PRODUCT_NAME fallback\" >&2\n    exit 1\n  fi\n  echo \"note: derived UNLOCALIZED_RESOURCES_FOLDER_PATH=$UNLOCALIZED_RESOURCES_FOLDER_PATH\"\nfi\n\nexport JAVA_HOME=\"${JAVA_HOME:-/Applications/Android Studio.app/Contents/jbr/Contents/Home}\"\necho \"note: embedAndSign CONFIGURATION=$CONFIGURATION PLATFORM=$PLATFORM_NAME ARCHS=$ARCHS\"\necho \"note: BUILT_PRODUCTS_DIR=$BUILT_PRODUCTS_DIR\"\necho \"note: UNLOCALIZED_RESOURCES_FOLDER_PATH=$UNLOCALIZED_RESOURCES_FOLDER_PATH\"\n\n# 保留 daemon 以加速增量；configuration-cache 对 Xcode 注入的环境变量不稳定，关闭。\n./gradlew :shared:embedAndSignAppleFrameworkForXcode --no-configuration-cache --console=plain\n";
		};
/* End PBXShellScriptBuildPhase section */

/* Begin PBXSourcesBuildPhase section */
		A10000000000000000000051 /* Sources */ = {
			isa = PBXSourcesBuildPhase;
			buildActionMask = 2147483647;
			files = (
				A10000000000000000000001 /* iOSApp.swift in Sources */,
				A10000000000000000000002 /* ContentView.swift in Sources */,
				A11000000000000000000001 /* NativeNavigationGlassState.swift in Sources */,
			);
			runOnlyForDeploymentPostprocessing = 0;
		};
/* End PBXSourcesBuildPhase section */

/* Begin XCBuildConfiguration section */
		A10000000000000000000070 /* Debug */ = {
			isa = XCBuildConfiguration;
			baseConfigurationReference = A10000000000000000000014 /* Config.xcconfig */;
			buildSettings = {
				ALWAYS_SEARCH_USER_PATHS = NO;
				ASSETCATALOG_COMPILER_APPICON_NAME = AppIcon;
				CLANG_ENABLE_MODULES = YES;
				CODE_SIGN_STYLE = Automatic;
				DEVELOPMENT_TEAM = 34S53DC6T6;
				ENABLE_USER_SCRIPT_SANDBOXING = NO;
				GENERATE_INFOPLIST_FILE = NO;
				INFOPLIST_FILE = iosApp/Info.plist;
				LD_RUNPATH_SEARCH_PATHS = (
					"$(inherited)",
					"@executable_path/Frameworks",
				);
				PRODUCT_BUNDLE_IDENTIFIER = "$(BUNDLE_ID)";
				SDKROOT = iphoneos;
				SUPPORTED_PLATFORMS = "iphoneos iphonesimulator";
				SWIFT_EMIT_LOC_STRINGS = YES;
				TARGETED_DEVICE_FAMILY = "1,2";
			};
			name = Debug;
		};
		A10000000000000000000071 /* Release */ = {
			isa = XCBuildConfiguration;
			baseConfigurationReference = A10000000000000000000014 /* Config.xcconfig */;
			buildSettings = {
				ALWAYS_SEARCH_USER_PATHS = NO;
				ASSETCATALOG_COMPILER_APPICON_NAME = AppIcon;
				CLANG_ENABLE_MODULES = YES;
				CODE_SIGN_STYLE = Automatic;
				DEVELOPMENT_TEAM = 34S53DC6T6;
				ENABLE_USER_SCRIPT_SANDBOXING = NO;
				GENERATE_INFOPLIST_FILE = NO;
				INFOPLIST_FILE = iosApp/Info.plist;
				LD_RUNPATH_SEARCH_PATHS = (
					"$(inherited)",
					"@executable_path/Frameworks",
				);
				PRODUCT_BUNDLE_IDENTIFIER = "$(BUNDLE_ID)";
				SDKROOT = iphoneos;
				SUPPORTED_PLATFORMS = "iphoneos iphonesimulator";
				SWIFT_EMIT_LOC_STRINGS = YES;
				TARGETED_DEVICE_FAMILY = "1,2";
			};
			name = Release;
		};
		A10000000000000000000072 /* Debug */ = {
			isa = XCBuildConfiguration;
			buildSettings = {
				CLANG_ANALYZER_NONNULL = YES;
				CLANG_CXX_LANGUAGE_STANDARD = "gnu++20";
				CLANG_ENABLE_MODULES = YES;
				COPY_PHASE_STRIP = NO;
				DEBUG_INFORMATION_FORMAT = dwarf;
				ENABLE_TESTABILITY = YES;
				GCC_OPTIMIZATION_LEVEL = 0;
				ONLY_ACTIVE_ARCH = YES;
				SWIFT_ACTIVE_COMPILATION_CONDITIONS = DEBUG;
			};
			name = Debug;
		};
		A10000000000000000000073 /* Release */ = {
			isa = XCBuildConfiguration;
			buildSettings = {
				CLANG_ANALYZER_NONNULL = YES;
				CLANG_CXX_LANGUAGE_STANDARD = "gnu++20";
				CLANG_ENABLE_MODULES = YES;
				COPY_PHASE_STRIP = YES;
				DEBUG_INFORMATION_FORMAT = "dwarf-with-dsym";
				SWIFT_COMPILATION_MODE = wholemodule;
			};
			name = Release;
		};
/* End XCBuildConfiguration section */

/* Begin XCConfigurationList section */
		A10000000000000000000041 /* Build configuration list for PBXNativeTarget "iosApp" */ = {
			isa = XCConfigurationList;
			buildConfigurations = (
				A10000000000000000000070 /* Debug */,
				A10000000000000000000071 /* Release */,
			);
			defaultConfigurationIsVisible = 0;
			defaultConfigurationName = Release;
		};
		A10000000000000000000061 /* Build configuration list for PBXProject "iosApp" */ = {
			isa = XCConfigurationList;
			buildConfigurations = (
				A10000000000000000000072 /* Debug */,
				A10000000000000000000073 /* Release */,
			);
			defaultConfigurationIsVisible = 0;
			defaultConfigurationName = Release;
		};
/* End XCConfigurationList section */
	};
	rootObject = A10000000000000000000060 /* Project object */;
}
